
Microsoft Visual Studio Solution File, Format Version 12.00
# Visual Studio 14
VisualStudioVersion = 14.0.25420.1
MinimumVisualStudioVersion = 10.0.40219.1
Project("{FAE04EC0-301F-11D3-BF4B-00C04F79EFBC}") = "PCLThinCanvas", "PCLThinCanvas\PCLThinCanvas.csproj", "{67F9D3A8-F71E-4428-913F-C37AE82CDB24}"
EndProject
Project("{FAE04EC0-301F-11D3-BF4B-00C04F79EFBC}") = "PCLThinCanvas.Droid", "PCLThinCanvas.Droid\PCLThinCanvas.Droid.csproj", "{EFCA62FF-2DFB-4E05-80E2-9E67DB569B7A}"
EndProject
Project("{FAE04EC0-301F-11D3-BF4B-00C04F79EFBC}") = "PCLThinCanvas.iOS", "PCLThinCanvas.iOS\PCLThinCanvas.iOS.csproj", "{C1971E9A-BC8B-4065-AF6C-C56FE187F359}"
EndProject
Project("{2150E333-8FDC-42A3-9474-1A3956D46DE8}") = "Samples", "Samples", "{EA9DEEA7-B18D-4495-8C1C-C1C3350651C9}"
EndProject
Project("{FAE04EC0-301F-11D3-BF4B-00C04F79EFBC}") = "PCLThinCanvas.Sample", "PCLThinCanvas.Sample\PCLThinCanvas.Sample\PCLThinCanvas.Sample.csproj", "{5AC79D69-C593-4B85-8C81-77D4955ECA64}"
EndProject
Project("{FAE04EC0-301F-11D3-BF4B-00C04F79EFBC}") = "PCLThinCanvas.Sample.Droid", "PCLThinCanvas.Sample\PCLThinCanvas.Sample.Droid\PCLThinCanvas.Sample.Droid.csproj", "{5F7733A7-7068-4677-B363-F0A04D23EC54}"
EndProject
Project("{FAE04EC0-301F-11D3-BF4B-00C04F79EFBC}") = "PCLThinCanvas.Sample.iOS", "PCLThinCanvas.Sample\PCLThinCanvas.Sample.iOS\PCLThinCanvas.Sample.iOS.csproj", "{FA2B78BC-D58B-4201-8AA5-142AE0364E9C}"
EndProject
Project("{FAE04EC0-301F-11D3-BF4B-00C04F79EFBC}") = "PCLThinCanvas.Core", "PCLThinCanvas.Core\PCLThinCanvas.Core.csproj", "{7714F1A3-F80F-4907-BEB5-6046044FC88A}"
EndProject
Global
	GlobalSection(SolutionConfigurationPlatforms) = preSolution
		Ad-Hoc|Any CPU = Ad-Hoc|Any CPU
		Ad-Hoc|iPhone = Ad-Hoc|iPhone
		Ad-Hoc|iPhoneSimulator = Ad-Hoc|iPhoneSimulator
		AppStore|Any CPU = AppStore|Any CPU
		AppStore|iPhone = AppStore|iPhone
		AppStore|iPhoneSimulator = AppStore|iPhoneSimulator
		Debug|Any CPU = Debug|Any CPU
		Debug|iPhone = Debug|iPhone
		Debug|iPhoneSimulator = Debug|iPhoneSimulator
		Release|Any CPU = Release|Any CPU
		Release|iPhone = Release|iPhone
		Release|iPhoneSimulator = Release|iPhoneSimulator
	EndGlobalSection
	GlobalSection(ProjectConfigurationPlatforms) = postSolution
		{67F9D3A8-F71E-4428-913F-C37AE82CDB24}.Ad-Hoc|Any CPU.ActiveCfg = Release|Any CPU
		{67F9D3A8-F71E-4428-913F-C37AE82CDB24}.Ad-Hoc|Any CPU.Build.0 = Release|Any CPU
		{67F9D3A8-F71E-4428-913F-C37AE82CDB24}.Ad-Hoc|iPhone.ActiveCfg = Release|Any CPU
		{67F9D3A8-F71E-4428-913F-C37AE82CDB24}.Ad-Hoc|iPhone.Build.0 = Release|Any CPU
		{67F9D3A8-F71E-4428-913F-C37AE82CDB24}.Ad-Hoc|iPhoneSimulator.ActiveCfg = Release|Any CPU
		{67F9D3A8-F71E-4428-913F-C37AE82CDB24}.Ad-Hoc|iPhoneSimulator.Build.0 = Release|Any CPU
		{67F9D3A8-F71E-4428-913F-C37AE82CDB24}.AppStore|Any CPU.ActiveCfg = Release|Any CPU
		{67F9D3A8-F71E-4428-913F-C37AE82CDB24}.AppStore|Any CPU.Build.0 = Release|Any CPU
		{67F9D3A8-F71E-4428-913F-C37AE82CDB24}.AppStore|iPhone.ActiveCfg = Release|Any CPU
		{67F9D3A8-F71E-4428-913F-C37AE82CDB24}.AppStore|iPhone.Build.0 = Release|Any CPU
		{67F9D3A8-F71E-4428-913F-C37AE82CDB24}.AppStore|iPhoneSimulator.ActiveCfg = Release|Any CPU
		{67F9D3A8-F71E-4428-913F-C37AE82CDB24}.AppStore|iPhoneSimulator.Build.0 = Release|Any CPU
		{67F9D3A8-F71E-4428-913F-C37AE82CDB24}.Debug|Any CPU.ActiveCfg = Debug|Any CPU
		{67F9D3A8-F71E-4428-913F-C37AE82CDB24}.Debug|Any CPU.Build.0 = Debug|Any CPU
		{67F9D3A8-F71E-4428-913F-C37AE82CDB24}.Debug|iPhone.ActiveCfg = Debug|Any CPU
		{67F9D3A8-F71E-4428-913F-C37AE82CDB24}.Debug|iPhone.Build.0 = Debug|Any CPU
		{67F9D3A8-F71E-4428-913F-C37AE82CDB24}.Debug|iPhoneSimulator.ActiveCfg = Debug|Any CPU
		{67F9D3A8-F71E-4428-913F-C37AE82CDB24}.Debug|iPhoneSimulator.Build.0 = Debug|Any CPU
		{67F9D3A8-F71E-4428-913F-C37AE82CDB24}.Release|Any CPU.ActiveCfg = Release|Any CPU
		{67F9D3A8-F71E-4428-913F-C37AE82CDB24}.Release|Any CPU.Build.0 = Release|Any CPU
		{67F9D3A8-F71E-4428-913F-C37AE82CDB24}.Release|iPhone.ActiveCfg = Release|Any CPU
		{67F9D3A8-F71E-4428-913F-C37AE82CDB24}.Release|iPhone.Build.0 = Release|Any CPU
		{67F9D3A8-F71E-4428-913F-C37AE82CDB24}.Release|iPhoneSimulator.ActiveCfg = Release|Any CPU
		{67F9D3A8-F71E-4428-913F-C37AE82CDB24}.Release|iPhoneSimulator.Build.0 = Release|Any CPU
		{EFCA62FF-2DFB-4E05-80E2-9E67DB569B7A}.Ad-Hoc|Any CPU.ActiveCfg = Release|Any CPU
		{EFCA62FF-2DFB-4E05-80E2-9E67DB569B7A}.Ad-Hoc|Any CPU.Build.0 = Release|Any CPU
		{EFCA62FF-2DFB-4E05-80E2-9E67DB569B7A}.Ad-Hoc|iPhone.ActiveCfg = Release|Any CPU
		{EFCA62FF-2DFB-4E05-80E2-9E67DB569B7A}.Ad-Hoc|iPhone.Build.0 = Release|Any CPU
		{EFCA62FF-2DFB-4E05-80E2-9E67DB569B7A}.Ad-Hoc|iPhoneSimulator.ActiveCfg = Release|Any CPU
		{EFCA62FF-2DFB-4E05-80E2-9E67DB569B7A}.Ad-Hoc|iPhoneSimulator.Build.0 = Release|Any CPU
		{EFCA62FF-2DFB-4E05-80E2-9E67DB569B7A}.AppStore|Any CPU.ActiveCfg = Release|Any CPU
		{EFCA62FF-2DFB-4E05-80E2-9E67DB569B7A}.AppStore|Any CPU.Build.0 = Release|Any CPU
		{EFCA62FF-2DFB-4E05-80E2-9E67DB569B7A}.AppStore|iPhone.ActiveCfg = Release|Any CPU
		{EFCA62FF-2DFB-4E05-80E2-9E67DB569B7A}.AppStore|iPhone.Build.0 = Release|Any CPU
		{EFCA62FF-2DFB-4E05-80E2-9E67DB569B7A}.AppStore|iPhoneSimulator.ActiveCfg = Release|Any CPU
		{EFCA62FF-2DFB-4E05-80E2-9E67DB569B7A}.AppStore|iPhoneSimulator.Build.0 = Release|Any CPU
		{EFCA62FF-2DFB-4E05-80E2-9E67DB569B7A}.Debug|Any CPU.ActiveCfg = Debug|Any CPU
		{EFCA62FF-2DFB-4E05-80E2-9E67DB569B7A}.Debug|Any CPU.Build.0 = Debug|Any CPU
		{EFCA62FF-2DFB-4E05-80E2-9E67DB569B7A}.Debug|iPhone.ActiveCfg = Debug|Any CPU
		{EFCA62FF-2DFB-4E05-80E2-9E67DB569B7A}.Debug|iPhone.Build.0 = Debug|Any CPU
		{EFCA62FF-2DFB-4E05-80E2-9E67DB569B7A}.Debug|iPhoneSimulator.ActiveCfg = Debug|Any CPU
		{EFCA62FF-2DFB-4E05-80E2-9E67DB569B7A}.Debug|iPhoneSimulator.Build.0 = Debug|Any CPU
		{EFCA62FF-2DFB-4E05-80E2-9E67DB569B7A}.Release|Any CPU.ActiveCfg = Release|Any CPU
		{EFCA62FF-2DFB-4E05-80E2-9E67DB569B7A}.Release|Any CPU.Build.0 = Release|Any CPU
		{EFCA62FF-2DFB-4E05-80E2-9E67DB569B7A}.Release|iPhone.ActiveCfg = Release|Any CPU
		{EFCA62FF-2DFB-4E05-80E2-9E67DB569B7A}.Release|iPhone.Build.0 = Release|Any CPU
		{EFCA62FF-2DFB-4E05-80E2-9E67DB569B7A}.Release|iPhoneSimulator.ActiveCfg = Release|Any CPU
		{EFCA62FF-2DFB-4E05-80E2-9E67DB569B7A}.Release|iPhoneSimulator.Build.0 = Release|Any CPU
		{C1971E9A-BC8B-4065-AF6C-C56FE187F359}.Ad-Hoc|Any CPU.ActiveCfg = Release|Any CPU
		{C1971E9A-BC8B-4065-AF6C-C56FE187F359}.Ad-Hoc|Any CPU.Build.0 = Release|Any CPU
		{C1971E9A-BC8B-4065-AF6C-C56FE187F359}.Ad-Hoc|iPhone.ActiveCfg = Release|Any CPU
		{C1971E9A-BC8B-4065-AF6C-C56FE187F359}.Ad-Hoc|iPhone.Build.0 = Release|Any CPU
		{C1971E9A-BC8B-4065-AF6C-C56FE187F359}.Ad-Hoc|iPhoneSimulator.ActiveCfg = Release|Any CPU
		{C1971E9A-BC8B-4065-AF6C-C56FE187F359}.Ad-Hoc|iPhoneSimulator.Build.0 = Release|Any CPU
		{C1971E9A-BC8B-4065-AF6C-C56FE187F359}.AppStore|Any CPU.ActiveCfg = Release|Any CPU
		{C1971E9A-BC8B-4065-AF6C-C56FE187F359}.AppStore|Any CPU.Build.0 = Release|Any CPU
		{C1971E9A-BC8B-4065-AF6C-C56FE187F359}.AppStore|iPhone.ActiveCfg = Release|Any CPU
		{C1971E9A-BC8B-4065-AF6C-C56FE187F359}.AppStore|iPhone.Build.0 = Release|Any CPU
		{C1971E9A-BC8B-4065-AF6C-C56FE187F359}.AppStore|iPhoneSimulator.ActiveCfg = Release|Any CPU
		{C1971E9A-BC8B-4065-AF6C-C56FE187F359}.AppStore|iPhoneSimulator.Build.0 = Release|Any CPU
		{C1971E9A-BC8B-4065-AF6C-C56FE187F359}.Debug|Any CPU.ActiveCfg = Debug|Any CPU
		{C1971E9A-BC8B-4065-AF6C-C56FE187F359}.Debug|Any CPU.Build.0 = Debug|Any CPU
		{C1971E9A-BC8B-4065-AF6C-C56FE187F359}.Debug|iPhone.ActiveCfg = Debug|Any CPU
		{C1971E9A-BC8B-4065-AF6C-C56FE187F359}.Debug|iPhone.Build.0 = Debug|Any CPU
		{C1971E9A-BC8B-4065-AF6C-C56FE187F359}.Debug|iPhoneSimulator.ActiveCfg = Debug|Any CPU
		{C1971E9A-BC8B-4065-AF6C-C56FE187F359}.Debug|iPhoneSimulator.Build.0 = Debug|Any CPU
		{C1971E9A-BC8B-4065-AF6C-C56FE187F359}.Release|Any CPU.ActiveCfg = Release|Any CPU
		{C1971E9A-BC8B-4065-AF6C-C56FE187F359}.Release|Any CPU.Build.0 = Release|Any CPU
		{C1971E9A-BC8B-4065-AF6C-C56FE187F359}.Release|iPhone.ActiveCfg = Release|Any CPU
		{C1971E9A-BC8B-4065-AF6C-C56FE187F359}.Release|iPhone.Build.0 = Release|Any CPU
		{C1971E9A-BC8B-4065-AF6C-C56FE187F359}.Release|iPhoneSimulator.ActiveCfg = Release|Any CPU
		{C1971E9A-BC8B-4065-AF6C-C56FE187F359}.Release|iPhoneSimulator.Build.0 = Release|Any CPU
		{5AC79D69-C593-4B85-8C81-77D4955ECA64}.Ad-Hoc|Any CPU.ActiveCfg = Release|Any CPU
		{5AC79D69-C593-4B85-8C81-77D4955ECA64}.Ad-Hoc|Any CPU.Build.0 = Release|Any CPU
		{5AC79D69-C593-4B85-8C81-77D4955ECA64}.Ad-Hoc|iPhone.ActiveCfg = Release|Any CPU
		{5AC79D69-C593-4B85-8C81-77D4955ECA64}.Ad-Hoc|iPhone.Build.0 = Release|Any CPU
		{5AC79D69-C593-4B85-8C81-77D4955ECA64}.Ad-Hoc|iPhoneSimulator.ActiveCfg = Release|Any CPU
		{5AC79D69-C593-4B85-8C81-77D4955ECA64}.Ad-Hoc|iPhoneSimulator.Build.0 = Release|Any CPU
		{5AC79D69-C593-4B85-8C81-77D4955ECA64}.AppStore|Any CPU.ActiveCfg = Release|Any CPU
		{5AC79D69-C593-4B85-8C81-77D4955ECA64}.AppStore|Any CPU.Build.0 = Release|Any CPU
		{5AC79D69-C593-4B85-8C81-77D4955ECA64}.AppStore|iPhone.ActiveCfg = Release|Any CPU
		{5AC79D69-C593-4B85-8C81-77D4955ECA64}.AppStore|iPhone.Build.0 = Release|Any CPU
		{5AC79D69-C593-4B85-8C81-77D4955ECA64}.AppStore|iPhoneSimulator.ActiveCfg = Release|Any CPU
		{5AC79D69-C593-4B85-8C81-77D4955ECA64}.AppStore|iPhoneSimulator.Build.0 = Release|Any CPU
		{5AC79D69-C593-4B85-8C81-77D4955ECA64}.Debug|Any CPU.ActiveCfg = Debug|Any CPU
		{5AC79D69-C593-4B85-8C81-77D4955ECA64}.Debug|Any CPU.Build.0 = Debug|Any CPU
		{5AC79D69-C593-4B85-8C81-77D4955ECA64}.Debug|iPhone.ActiveCfg = Debug|Any CPU
		{5AC79D69-C593-4B85-8C81-77D4955ECA64}.Debug|iPhone.Build.0 = Debug|Any CPU
		{5AC79D69-C593-4B85-8C81-77D4955ECA64}.Debug|iPhoneSimulator.ActiveCfg = Debug|Any CPU
		{5AC79D69-C593-4B85-8C81-77D4955ECA64}.Debug|iPhoneSimulator.Build.0 = Debug|Any CPU
		{5AC79D69-C593-4B85-8C81-77D4955ECA64}.Release|Any CPU.ActiveCfg = Release|Any CPU
		{5AC79D69-C593-4B85-8C81-77D4955ECA64}.Release|Any CPU.Build.0 = Release|Any CPU
		{5AC79D69-C593-4B85-8C81-77D4955ECA64}.Release|iPhone.ActiveCfg = Release|Any CPU
		{5AC79D69-C593-4B85-8C81-77D4955ECA64}.Release|iPhone.Build.0 = Release|Any CPU
		{5AC79D69-C593-4B85-8C81-77D4955ECA64}.Release|iPhoneSimulator.ActiveCfg = Release|Any CPU
		{5AC79D69-C593-4B85-8C81-77D4955ECA64}.Release|iPhoneSimulator.Build.0 = Release|Any CPU
		{5F7733A7-7068-4677-B363-F0A04D23EC54}.Ad-Hoc|Any CPU.ActiveCfg = Release|Any CPU
		{5F7733A7-7068-4677-B363-F0A04D23EC54}.Ad-Hoc|Any CPU.Build.0 = Release|Any CPU
		{5F7733A7-7068-4677-B363-F0A04D23EC54}.Ad-Hoc|Any CPU.Deploy.0 = Release|Any CPU
		{5F7733A7-7068-4677-B363-F0A04D23EC54}.Ad-Hoc|iPhone.ActiveCfg = Release|Any CPU
		{5F7733A7-7068-4677-B363-F0A04D23EC54}.Ad-Hoc|iPhone.Build.0 = Release|Any CPU
		{5F7733A7-7068-4677-B363-F0A04D23EC54}.Ad-Hoc|iPhone.Deploy.0 = Release|Any CPU
		{5F7733A7-7068-4677-B363-F0A04D23EC54}.Ad-Hoc|iPhoneSimulator.ActiveCfg = Release|Any CPU
		{5F7733A7-7068-4677-B363-F0A04D23EC54}.Ad-Hoc|iPhoneSimulator.Build.0 = Release|Any CPU
		{5F7733A7-7068-4677-B363-F0A04D23EC54}.Ad-Hoc|iPhoneSimulator.Deploy.0 = Release|Any CPU
		{5F7733A7-7068-4677-B363-F0A04D23EC54}.AppStore|Any CPU.ActiveCfg = Release|Any CPU
		{5F7733A7-7068-4677-B363-F0A04D23EC54}.AppStore|Any CPU.Build.0 = Release|Any CPU
		{5F7733A7-7068-4677-B363-F0A04D23EC54}.AppStore|Any CPU.Deploy.0 = Release|Any CPU
		{5F7733A7-7068-4677-B363-F0A04D23EC54}.AppStore|iPhone.ActiveCfg = Release|Any CPU
		{5F7733A7-7068-4677-B363-F0A04D23EC54}.AppStore|iPhone.Build.0 = Release|Any CPU
		{5F7733A7-7068-4677-B363-F0A04D23EC54}.AppStore|iPhone.Deploy.0 = Release|Any CPU
		{5F7733A7-7068-4677-B363-F0A04D23EC54}.AppStore|iPhoneSimulator.ActiveCfg = Release|Any CPU
		{5F7733A7-7068-4677-B363-F0A04D23EC54}.AppStore|iPhoneSimulator.Build.0 = Release|Any CPU
		{5F7733A7-7068-4677-B363-F0A04D23EC54}.AppStore|iPhoneSimulator.Deploy.0 = Release|Any CPU
		{5F7733A7-7068-4677-B363-F0A04D23EC54}.Debug|Any CPU.ActiveCfg = Debug|Any CPU
		{5F7733A7-7068-4677-B363-F0A04D23EC54}.Debug|Any CPU.Build.0 = Debug|Any CPU
		{5F7733A7-7068-4677-B363-F0A04D23EC54}.Debug|Any CPU.Deploy.0 = Debug|Any CPU
		{5F7733A7-7068-4677-B363-F0A04D23EC54}.Debug|iPhone.ActiveCfg = Debug|Any CPU
		{5F7733A7-7068-4677-B363-F0A04D23EC54}.Debug|iPhone.Build.0 = Debug|Any CPU
		{5F7733A7-7068-4677-B363-F0A04D23EC54}.Debug|iPhone.Deploy.0 = Debug|Any CPU
		{5F7733A7-7068-4677-B363-F0A04D23EC54}.Debug|iPhoneSimulator.ActiveCfg = Debug|Any CPU
		{5F7733A7-7068-4677-B363-F0A04D23EC54}.Debug|iPhoneSimulator.Build.0 = Debug|Any CPU
		{5F7733A7-7068-4677-B363-F0A04D23EC54}.Debug|iPhoneSimulator.Deploy.0 = Debug|Any CPU
		{5F7733A7-7068-4677-B363-F0A04D23EC54}.Release|Any CPU.ActiveCfg = Release|Any CPU
		{5F7733A7-7068-4677-B363-F0A04D23EC54}.Release|Any CPU.Build.0 = Release|Any CPU
		{5F7733A7-7068-4677-B363-F0A04D23EC54}.Release|Any CPU.Deploy.0 = Release|Any CPU
		{5F7733A7-7068-4677-B363-F0A04D23EC54}.Release|iPhone.ActiveCfg = Release|Any CPU
		{5F7733A7-7068-4677-B363-F0A04D23EC54}.Release|iPhone.Build.0 = Release|Any CPU
		{5F7733A7-7068-4677-B363-F0A04D23EC54}.Release|iPhone.Deploy.0 = Release|Any CPU
		{5F7733A7-7068-4677-B363-F0A04D23EC54}.Release|iPhoneSimulator.ActiveCfg = Release|Any CPU
		{5F7733A7-7068-4677-B363-F0A04D23EC54}.Release|iPhoneSimulator.Build.0 = Release|Any CPU
		{5F7733A7-7068-4677-B363-F0A04D23EC54}.Release|iPhoneSimulator.Deploy.0 = Release|Any CPU
		{FA2B78BC-D58B-4201-8AA5-142AE0364E9C}.Ad-Hoc|Any CPU.ActiveCfg = Ad-Hoc|iPhone
		{FA2B78BC-D58B-4201-8AA5-142AE0364E9C}.Ad-Hoc|iPhone.ActiveCfg = Ad-Hoc|iPhone
		{FA2B78BC-D58B-4201-8AA5-142AE0364E9C}.Ad-Hoc|iPhone.Build.0 = Ad-Hoc|iPhone
		{FA2B78BC-D58B-4201-8AA5-142AE0364E9C}.Ad-Hoc|iPhoneSimulator.ActiveCfg = Ad-Hoc|iPhoneSimulator
		{FA2B78BC-D58B-4201-8AA5-142AE0364E9C}.Ad-Hoc|iPhoneSimulator.Build.0 = Ad-Hoc|iPhoneSimulator
		{FA2B78BC-D58B-4201-8AA5-142AE0364E9C}.AppStore|Any CPU.ActiveCfg = AppStore|iPhone
		{FA2B78BC-D58B-4201-8AA5-142AE0364E9C}.AppStore|iPhone.ActiveCfg = AppStore|iPhone
		{FA2B78BC-D58B-4201-8AA5-142AE0364E9C}.AppStore|iPhone.Build.0 = AppStore|iPhone
		{FA2B78BC-D58B-4201-8AA5-142AE0364E9C}.AppStore|iPhoneSimulator.ActiveCfg = AppStore|iPhoneSimulator
		{FA2B78BC-D58B-4201-8AA5-142AE0364E9C}.AppStore|iPhoneSimulator.Build.0 = AppStore|iPhoneSimulator
		{FA2B78BC-D58B-4201-8AA5-142AE0364E9C}.Debug|Any CPU.ActiveCfg = Debug|iPhone
		{FA2B78BC-D58B-4201-8AA5-142AE0364E9C}.Debug|iPhone.ActiveCfg = Debug|iPhone
		{FA2B78BC-D58B-4201-8AA5-142AE0364E9C}.Debug|iPhone.Build.0 = Debug|iPhone
		{FA2B78BC-D58B-4201-8AA5-142AE0364E9C}.Debug|iPhoneSimulator.ActiveCfg = Debug|iPhoneSimulator
		{FA2B78BC-D58B-4201-8AA5-142AE0364E9C}.Debug|iPhoneSimulator.Build.0 = Debug|iPhoneSimulator
		{FA2B78BC-D58B-4201-8AA5-142AE0364E9C}.Release|Any CPU.ActiveCfg = Release|iPhone
		{FA2B78BC-D58B-4201-8AA5-142AE0364E9C}.Release|iPhone.ActiveCfg = Release|iPhone
		{FA2B78BC-D58B-4201-8AA5-142AE0364E9C}.Release|iPhone.Build.0 = Release|iPhone
		{FA2B78BC-D58B-4201-8AA5-142AE0364E9C}.Release|iPhoneSimulator.ActiveCfg = Release|iPhoneSimulator
		{FA2B78BC-D58B-4201-8AA5-142AE0364E9C}.Release|iPhoneSimulator.Build.0 = Release|iPhoneSimulator
		{7714F1A3-F80F-4907-BEB5-6046044FC88A}.Ad-Hoc|Any CPU.ActiveCfg = Release|Any CPU
		{7714F1A3-F80F-4907-BEB5-6046044FC88A}.Ad-Hoc|Any CPU.Build.0 = Release|Any CPU
		{7714F1A3-F80F-4907-BEB5-6046044FC88A}.Ad-Hoc|iPhone.ActiveCfg = Release|Any CPU
		{7714F1A3-F80F-4907-BEB5-6046044FC88A}.Ad-Hoc|iPhone.Build.0 = Release|Any CPU
		{7714F1A3-F80F-4907-BEB5-6046044FC88A}.Ad-Hoc|iPhoneSimulator.ActiveCfg = Release|Any CPU
		{7714F1A3-F80F-4907-BEB5-6046044FC88A}.Ad-Hoc|iPhoneSimulator.Build.0 = Release|Any CPU
		{7714F1A3-F80F-4907-BEB5-6046044FC88A}.AppStore|Any CPU.ActiveCfg = Release|Any CPU
		{7714F1A3-F80F-4907-BEB5-6046044FC88A}.AppStore|Any CPU.Build.0 = Release|Any CPU
		{7714F1A3-F80F-4907-BEB5-6046044FC88A}.AppStore|iPhone.ActiveCfg = Release|Any CPU
		{7714F1A3-F80F-4907-BEB5-6046044FC88A}.AppStore|iPhone.Build.0 = Release|Any CPU
		{7714F1A3-F80F-4907-BEB5-6046044FC88A}.AppStore|iPhoneSimulator.ActiveCfg = Release|Any CPU
		{7714F1A3-F80F-4907-BEB5-6046044FC88A}.AppStore|iPhoneSimulator.Build.0 = Release|Any CPU
		{7714F1A3-F80F-4907-BEB5-6046044FC88A}.Debug|Any CPU.ActiveCfg = Debug|Any CPU
		{7714F1A3-F80F-4907-BEB5-6046044FC88A}.Debug|Any CPU.Build.0 = Debug|Any CPU
		{7714F1A3-F80F-4907-BEB5-6046044FC88A}.Debug|iPhone.ActiveCfg = Debug|Any CPU
		{7714F1A3-F80F-4907-BEB5-6046044FC88A}.Debug|iPhone.Build.0 = Debug|Any CPU
		{7714F1A3-F80F-4907-BEB5-6046044FC88A}.Debug|iPhoneSimulator.ActiveCfg = Debug|Any CPU
		{7714F1A3-F80F-4907-BEB5-6046044FC88A}.Debug|iPhoneSimulator.Build.0 = Debug|Any CPU
		{7714F1A3-F80F-4907-BEB5-6046044FC88A}.Release|Any CPU.ActiveCfg = Release|Any CPU
		{7714F1A3-F80F-4907-BEB5-6046044FC88A}.Release|Any CPU.Build.0 = Release|Any CPU
		{7714F1A3-F80F-4907-BEB5-6046044FC88A}.Release|iPhone.ActiveCfg = Release|Any CPU
		{7714F1A3-F80F-4907-BEB5-6046044FC88A}.Release|iPhone.Build.0 = Release|Any CPU
		{7714F1A3-F80F-4907-BEB5-6046044FC88A}.Release|iPhoneSimulator.ActiveCfg = Release|Any CPU
		{7714F1A3-F80F-4907-BEB5-6046044FC88A}.Release|iPhoneSimulator.Build.0 = Release|Any CPU
	EndGlobalSection
	GlobalSection(SolutionProperties) = preSolution
		HideSolutionNode = FALSE
	EndGlobalSection
	GlobalSection(NestedProjects) = preSolution
		{5AC79D69-C593-4B85-8C81-77D4955ECA64} = {EA9DEEA7-B18D-4495-8C1C-C1C3350651C9}
		{5F7733A7-7068-4677-B363-F0A04D23EC54} = {EA9DEEA7-B18D-4495-8C1C-C1C3350651C9}
		{FA2B78BC-D58B-4201-8AA5-142AE0364E9C} = {EA9DEEA7-B18D-4495-8C1C-C1C3350651C9}
	EndGlobalSection
EndGlobal
